
Microsoft Visual Studio Solution File, Format Version 12.00
# Visual Studio Version 17
VisualStudioVersion = 17.7.34221.43
MinimumVisualStudioVersion = 10.0.40219.1
Project("{9A19103F-16F7-4668-BE54-9A1E7A4F7556}") = "AKMDotNetCore.RestApi", "AKMDotNetCore.RestApi\AKMDotNetCore.RestApi.csproj", "{BFC65B96-60D5-4A7D-BB21-5D6CB2A01E5B}"
EndProject
Project("{9A19103F-16F7-4668-BE54-9A1E7A4F7556}") = "AKMDotNetCore.MinimalApi", "AKMDotNetCore.MinimalApi\AKMDotNetCore.MinimalApi.csproj", "{5C1E7876-5C5C-46E4-9162-3C5625C942DB}"
EndProject
Project("{9A19103F-16F7-4668-BE54-9A1E7A4F7556}") = "AKMDotNetCore.MvcApp", "AKMDotNetCore.MvcApp\AKMDotNetCore.MvcApp.csproj", "{A48452DB-C633-4C65-8604-94927CF78895}"
EndProject
Project("{9A19103F-16F7-4668-BE54-9A1E7A4F7556}") = "AKMDotNetCore.ConsoleApp", "AKMDotNetCore.ConsoleApp\AKMDotNetCore.ConsoleApp.csproj", "{4BB5E0A5-3FF3-4F9D-AE4B-02C093C96242}"
EndProject
Project("{9A19103F-16F7-4668-BE54-9A1E7A4F7556}") = "AKMDotNetCore.ThemeMvcApp", "AKMDotNetCore.ThemeMvcApp\AKMDotNetCore.ThemeMvcApp.csproj", "{A9A00688-D6AB-4FC8-9FB6-4AC2405308A0}"
EndProject
Project("{FAE04EC0-301F-11D3-BF4B-00C04F79EFBC}") = "AKMDotNetCore.ATMWebApp", "AKMDotNetCore.ATMWebApp\AKMDotNetCore.ATMWebApp.csproj", "{60E72E51-D967-4787-9D83-CDD1EA8AA6B8}"
EndProject
Global
	GlobalSection(SolutionConfigurationPlatforms) = preSolution
		Debug|Any CPU = Debug|Any CPU
		Release|Any CPU = Release|Any CPU
	EndGlobalSection
	GlobalSection(ProjectConfigurationPlatforms) = postSolution
		{BFC65B96-60D5-4A7D-BB21-5D6CB2A01E5B}.Debug|Any CPU.ActiveCfg = Debug|Any CPU
		{BFC65B96-60D5-4A7D-BB21-5D6CB2A01E5B}.Debug|Any CPU.Build.0 = Debug|Any CPU
		{BFC65B96-60D5-4A7D-BB21-5D6CB2A01E5B}.Release|Any CPU.ActiveCfg = Release|Any CPU
		{BFC65B96-60D5-4A7D-BB21-5D6CB2A01E5B}.Release|Any CPU.Build.0 = Release|Any CPU
		{5C1E7876-5C5C-46E4-9162-3C5625C942DB}.Debug|Any CPU.ActiveCfg = Debug|Any CPU
		{5C1E7876-5C5C-46E4-9162-3C5625C942DB}.Debug|Any CPU.Build.0 = Debug|Any CPU
		{5C1E7876-5C5C-46E4-9162-3C5625C942DB}.Release|Any CPU.ActiveCfg = Release|Any CPU
		{5C1E7876-5C5C-46E4-9162-3C5625C942DB}.Release|Any CPU.Build.0 = Release|Any CPU
		{A48452DB-C633-4C65-8604-94927CF78895}.Debug|Any CPU.ActiveCfg = Debug|Any CPU
		{A48452DB-C633-4C65-8604-94927CF78895}.Debug|Any CPU.Build.0 = Debug|Any CPU
		{A48452DB-C633-4C65-8604-94927CF78895}.Release|Any CPU.ActiveCfg = Release|Any CPU
		{A48452DB-C633-4C65-8604-94927CF78895}.Release|Any CPU.Build.0 = Release|Any CPU
		{4BB5E0A5-3FF3-4F9D-AE4B-02C093C96242}.Debug|Any CPU.ActiveCfg = Debug|Any CPU
		{4BB5E0A5-3FF3-4F9D-AE4B-02C093C96242}.Debug|Any CPU.Build.0 = Debug|Any CPU
		{4BB5E0A5-3FF3-4F9D-AE4B-02C093C96242}.Release|Any CPU.ActiveCfg = Release|Any CPU
		{4BB5E0A5-3FF3-4F9D-AE4B-02C093C96242}.Release|Any CPU.Build.0 = Release|Any CPU
		{A9A00688-D6AB-4FC8-9FB6-4AC2405308A0}.Debug|Any CPU.ActiveCfg = Debug|Any CPU
		{A9A00688-D6AB-4FC8-9FB6-4AC2405308A0}.Debug|Any CPU.Build.0 = Debug|Any CPU
		{A9A00688-D6AB-4FC8-9FB6-4AC2405308A0}.Release|Any CPU.ActiveCfg = Release|Any CPU
		{A9A00688-D6AB-4FC8-9FB6-4AC2405308A0}.Release|Any CPU.Build.0 = Release|Any CPU
		{60E72E51-D967-4787-9D83-CDD1EA8AA6B8}.Debug|Any CPU.ActiveCfg = Debug|Any CPU
		{60E72E51-D967-4787-9D83-CDD1EA8AA6B8}.Debug|Any CPU.Build.0 = Debug|Any CPU
		{60E72E51-D967-4787-9D83-CDD1EA8AA6B8}.Release|Any CPU.ActiveCfg = Release|Any CPU
		{60E72E51-D967-4787-9D83-CDD1EA8AA6B8}.Release|Any CPU.Build.0 = Release|Any CPU
	EndGlobalSection
	GlobalSection(SolutionProperties) = preSolution
		HideSolutionNode = FALSE
	EndGlobalSection
	GlobalSection(ExtensibilityGlobals) = postSolution
		SolutionGuid = {BEDE2B0A-C0E0-487D-A754-6458E7911C5C}
	EndGlobalSection
EndGlobal
